
Microsoft Visual Studio Solution File, Format Version 12.00
# Visual Studio Version 16
VisualStudioVersion = 16.0.30907.101
MinimumVisualStudioVersion = 10.0.40219.1
Project("{FAE04EC0-301F-11D3-BF4B-00C04F79EFBC}") = "AvaloniaViewer", "AvaloniaViewer.csproj", "{38DAC3C4-8107-4DB4-8F76-EBC759C72C4A}"
EndProject
Global
	GlobalSection(SolutionConfigurationPlatforms) = preSolution
		Debug|Any CPU = Debug|Any CPU
		Release|Any CPU = Release|Any CPU
	EndGlobalSection
	GlobalSection(ProjectConfigurationPlatforms) = postSolution
		{38DAC3C4-8107-4DB4-8F76-EBC759C72C4A}.Debug|Any CPU.ActiveCfg = Debug|Any CPU
		{38DAC3C4-8107-4DB4-8F76-EBC759C72C4A}.Debug|Any CPU.Build.0 = Debug|Any CPU
		{38DAC3C4-8107-4DB4-8F76-EBC759C72C4A}.Release|Any CPU.ActiveCfg = Release|Any CPU
		{38DAC3C4-8107-4DB4-8F76-EBC759C72C4A}.Release|Any CPU.Build.0 = Release|Any CPU
	EndGlobalSection
	GlobalSection(SolutionProperties) = preSolution
		HideSolutionNode = FALSE
	EndGlobalSection
	GlobalSection(ExtensibilityGlobals) = postSolution
		SolutionGuid = {AA116EA3-840A-4FDA-A9CA-6A6A3BB9C1CC}
	EndGlobalSection
EndGlobal
